// !$*UTF8*$!
{
	archiveVersion = 1;
	classes = {
	};
	objectVersion = 46;
	objects = {

/* Begin PBXBuildFile section */
		EE5839651AB9902C00516AC1 /* main.m in Sources */ = {isa = PBXBuildFile; fileRef = EE5839641AB9902C00516AC1 /* main.m */; };
		EE5839681AB9902C00516AC1 /* AppDelegate.m in Sources */ = {isa = PBXBuildFile; fileRef = EE5839671AB9902C00516AC1 /* AppDelegate.m */; };
		EE58396B1AB9902C00516AC1 /* ViewController.m in Sources */ = {isa = PBXBuildFile; fileRef = EE58396A1AB9902C00516AC1 /* ViewController.m */; };
		EE58396E1AB9902C00516AC1 /* Main.storyboard in Resources */ = {isa = PBXBuildFile; fileRef = EE58396C1AB9902C00516AC1 /* Main.storyboard */; };
		EE5839701AB9902C00516AC1 /* Images.xcassets in Resources */ = {isa = PBXBuildFile; fileRef = EE58396F1AB9902C00516AC1 /* Images.xcassets */; };
		EE5839731AB9902C00516AC1 /* LaunchScreen.xib in Resources */ = {isa = PBXBuildFile; fileRef = EE5839711AB9902C00516AC1 /* LaunchScreen.xib */; };
		EE58397F1AB9902C00516AC1 /* CoreExtendTests.m in Sources */ = {isa = PBXBuildFile; fileRef = EE58397E1AB9902C00516AC1 /* CoreExtendTests.m */; };
/* End PBXBuildFile section */

/* Begin PBXContainerItemProxy section */
		EE5839791AB9902C00516AC1 /* PBXContainerItemProxy */ = {
			isa = PBXContainerItemProxy;
			containerPortal = EE5839571AB9902C00516AC1 /* Project object */;
			proxyType = 1;
			remoteGlobalIDString = EE58395E1AB9902C00516AC1;
			remoteInfo = CoreExtend;
		};
/* End PBXContainerItemProxy section */

/* Begin PBXFileReference section */
		EE58395F1AB9902C00516AC1 /* CoreExtend.app */ = {isa = PBXFileReference; explicitFileType = wrapper.application; includeInIndex = 0; path = CoreExtend.app; sourceTree = BUILT_PRODUCTS_DIR; };
		EE5839631AB9902C00516AC1 /* Info.plist */ = {isa = PBXFileReference; lastKnownFileType = text.plist.xml; path = Info.plist; sourceTree = "<group>"; };
		EE5839641AB9902C00516AC1 /* main.m */ = {isa = PBXFileReference; lastKnownFileType = sourcecode.c.objc; path = main.m; sourceTree = "<group>"; };
		EE5839661AB9902C00516AC1 /* AppDelegate.h */ = {isa = PBXFileReference; lastKnownFileType = sourcecode.c.h; path = AppDelegate.h; sourceTree = "<group>"; };
		EE5839671AB9902C00516AC1 /* AppDelegate.m */ = {isa = PBXFileReference; lastKnownFileType = sourcecode.c.objc; path = AppDelegate.m; sourceTree = "<group>"; };
		EE5839691AB9902C00516AC1 /* ViewController.h */ = {isa = PBXFileReference; lastKnownFileType = sourcecode.c.h; path = ViewController.h; sourceTree = "<group>"; };
		EE58396A1AB9902C00516AC1 /* ViewController.m */ = {isa = PBXFileReference; lastKnownFileType = sourcecode.c.objc; path = ViewController.m; sourceTree = "<group>"; };
		EE58396D1AB9902C00516AC1 /* Base */ = {isa = PBXFileReference; lastKnownFileType = file.storyboard; name = Base; path = Base.lproj/Main.storyboard; sourceTree = "<group>"; };
		EE58396F1AB9902C00516AC1 /* Images.xcassets */ = {isa = PBXFileReference; lastKnownFileType = folder.assetcatalog; path = Images.xcassets; sourceTree = "<group>"; };
		EE5839721AB9902C00516AC1 /* Base */ = {isa = PBXFileReference; lastKnownFileType = file.xib; name = Base; path = Base.lproj/LaunchScreen.xib; sourceTree = "<group>"; };
		EE5839781AB9902C00516AC1 /* CoreExtendTests.xctest */ = {isa = PBXFileReference; explicitFileType = wrapper.cfbundle; includeInIndex = 0; path = CoreExtendTests.xctest; sourceTree = BUILT_PRODUCTS_DIR; };
		EE58397D1AB9902C00516AC1 /* Info.plist */ = {isa = PBXFileReference; lastKnownFileType = text.plist.xml; path = Info.plist; sourceTree = "<group>"; };
		EE58397E1AB9902C00516AC1 /* CoreExtendTests.m */ = {isa = PBXFileReference; lastKnownFileType = sourcecode.c.objc; path = CoreExtendTests.m; sourceTree = "<group>"; };
		EE5839891AB9903F00516AC1 /* CodeBlock.h */ = {isa = PBXFileReference; fileEncoding = 4; lastKnownFileType = sourcecode.c.h; path = CodeBlock.h; sourceTree = "<group>"; };
		EE58398A1AB9903F00516AC1 /* iOS8.h */ = {isa = PBXFileReference; fileEncoding = 4; lastKnownFileType = sourcecode.c.h; path = iOS8.h; sourceTree = "<group>"; };
/* End PBXFileReference section */

/* Begin PBXFrameworksBuildPhase section */
		EE58395C1AB9902C00516AC1 /* Frameworks */ = {
			isa = PBXFrameworksBuildPhase;
			buildActionMask = 2147483647;
			files = (
			);
			runOnlyForDeploymentPostprocessing = 0;
		};
		EE5839751AB9902C00516AC1 /* Frameworks */ = {
			isa = PBXFrameworksBuildPhase;
			buildActionMask = 2147483647;
			files = (
			);
			runOnlyForDeploymentPostprocessing = 0;
		};
/* End PBXFrameworksBuildPhase section */

/* Begin PBXGroup section */
		EE5839561AB9902C00516AC1 = {
			isa = PBXGroup;
			children = (
				EE5839611AB9902C00516AC1 /* CoreExtend */,
				EE58397B1AB9902C00516AC1 /* CoreExtendTests */,
				EE5839601AB9902C00516AC1 /* Products */,
			);
			sourceTree = "<group>";
		};
		EE5839601AB9902C00516AC1 /* Products */ = {
			isa = PBXGroup;
			children = (
				EE58395F1AB9902C00516AC1 /* CoreExtend.app */,
				EE5839781AB9902C00516AC1 /* CoreExtendTests.xctest */,
			);
			name = Products;
			sourceTree = "<group>";
		};
		EE5839611AB9902C00516AC1 /* CoreExtend */ = {
			isa = PBXGroup;
			children = (
				EE5839881AB9903F00516AC1 /* CoreExtend */,
				EE5839661AB9902C00516AC1 /* AppDelegate.h */,
				EE5839671AB9902C00516AC1 /* AppDelegate.m */,
				EE5839691AB9902C00516AC1 /* ViewController.h */,
				EE58396A1AB9902C00516AC1 /* ViewController.m */,
				EE58396C1AB9902C00516AC1 /* Main.storyboard */,
				EE58396F1AB9902C00516AC1 /* Images.xcassets */,
				EE5839711AB9902C00516AC1 /* LaunchScreen.xib */,
				EE5839621AB9902C00516AC1 /* Supporting Files */,
			);
			path = CoreExtend;
			sourceTree = "<group>";
		};
		EE5839621AB9902C00516AC1 /* Supporting Files */ = {
			isa = PBXGroup;
			children = (
				EE5839631AB9902C00516AC1 /* Info.plist */,
				EE5839641AB9902C00516AC1 /* main.m */,
			);
			name = "Supporting Files";
			sourceTree = "<group>";
		};
		EE58397B1AB9902C00516AC1 /* CoreExtendTests */ = {
			isa = PBXGroup;
			children = (
				EE58397E1AB9902C00516AC1 /* CoreExtendTests.m */,
				EE58397C1AB9902C00516AC1 /* Supporting Files */,
			);
			path = CoreExtendTests;
			sourceTree = "<group>";
		};
		EE58397C1AB9902C00516AC1 /* Supporting Files */ = {
			isa = PBXGroup;
			children = (
				EE58397D1AB9902C00516AC1 /* Info.plist */,
			);
			name = "Supporting Files";
			sourceTree = "<group>";
		};
		EE5839881AB9903F00516AC1 /* CoreExtend */ = {
			isa = PBXGroup;
			children = (
				EE5839891AB9903F00516AC1 /* CodeBlock.h */,
				EE58398A1AB9903F00516AC1 /* iOS8.h */,
			);
			path = CoreExtend;
			sourceTree = "<group>";
		};
/* End PBXGroup section */

/* Begin PBXNativeTarget section */
		EE58395E1AB9902C00516AC1 /* CoreExtend */ = {
			isa = PBXNativeTarget;
			buildConfigurationList = EE5839821AB9902C00516AC1 /* Build configuration list for PBXNativeTarget "CoreExtend" */;
			buildPhases = (
				EE58395B1AB9902C00516AC1 /* Sources */,
				EE58395C1AB9902C00516AC1 /* Frameworks */,
				EE58395D1AB9902C00516AC1 /* Resources */,
			);
			buildRules = (
			);
			dependencies = (
			);
			name = CoreExtend;
			productName = CoreExtend;
			productReference = EE58395F1AB9902C00516AC1 /* CoreExtend.app */;
			productType = "com.apple.product-type.application";
		};
		EE5839771AB9902C00516AC1 /* CoreExtendTests */ = {
			isa = PBXNativeTarget;
			buildConfigurationList = EE5839851AB9902C00516AC1 /* Build configuration list for PBXNativeTarget "CoreExtendTests" */;
			buildPhases = (
				EE5839741AB9902C00516AC1 /* Sources */,
				EE5839751AB9902C00516AC1 /* Frameworks */,
				EE5839761AB9902C00516AC1 /* Resources */,
			);
			buildRules = (
			);
			dependencies = (
				EE58397A1AB9902C00516AC1 /* PBXTargetDependency */,
			);
			name = CoreExtendTests;
			productName = CoreExtendTests;
			productReference = EE5839781AB9902C00516AC1 /* CoreExtendTests.xctest */;
			productType = "com.apple.product-type.bundle.unit-test";
		};
/* End PBXNativeTarget section */

/* Begin PBXProject section */
		EE5839571AB9902C00516AC1 /* Project object */ = {
			isa = PBXProject;
			attributes = {
				LastUpgradeCheck = 0610;
				ORGANIZATIONNAME = muxi;
				TargetAttributes = {
					EE58395E1AB9902C00516AC1 = {
						CreatedOnToolsVersion = 6.1.1;
					};
					EE5839771AB9902C00516AC1 = {
						CreatedOnToolsVersion = 6.1.1;
						TestTargetID = EE58395E1AB9902C00516AC1;
					};
				};
			};
			buildConfigurationList = EE58395A1AB9902C00516AC1 /* Build configuration list for PBXProject "CoreExtend" */;
			compatibilityVersion = "Xcode 3.2";
			developmentRegion = English;
			hasScannedForEncodings = 0;
			knownRegions = (
				en,
				Base,
			);
			mainGroup = EE5839561AB9902C00516AC1;
			productRefGroup = EE5839601AB9902C00516AC1 /* Products */;
			projectDirPath = "";
			projectRoot = "";
			targets = (
				EE58395E1AB9902C00516AC1 /* CoreExtend */,
				EE5839771AB9902C00516AC1 /* CoreExtendTests */,
			);
		};
/* End PBXProject section */

/* Begin PBXResourcesBuildPhase section */
		EE58395D1AB9902C00516AC1 /* Resources */ = {
			isa = PBXResourcesBuildPhase;
			buildActionMask = 2147483647;
			files = (
				EE58396E1AB9902C00516AC1 /* Main.storyboard in Resources */,
				EE5839731AB9902C00516AC1 /* LaunchScreen.xib in Resources */,
				EE5839701AB9902C00516AC1 /* Images.xcassets in Resources */,
			);
			runOnlyForDeploymentPostprocessing = 0;
		};
		EE5839761AB9902C00516AC1 /* Resources */ = {
			isa = PBXResourcesBuildPhase;
			buildActionMask = 2147483647;
			files = (
			);
			runOnlyForDeploymentPostprocessing = 0;
		};
/* End PBXResourcesBuildPhase section */

/* Begin PBXSourcesBuildPhase section */
		EE58395B1AB9902C00516AC1 /* Sources */ = {
			isa = PBXSourcesBuildPhase;
			buildActionMask = 2147483647;
			files = (
				EE58396B1AB9902C00516AC1 /* ViewController.m in Sources */,
				EE5839681AB9902C00516AC1 /* AppDelegate.m in Sources */,
				EE5839651AB9902C00516AC1 /* main.m in Sources */,
			);
			runOnlyForDeploymentPostprocessing = 0;
		};
		EE5839741AB9902C00516AC1 /* Sources */ = {
			isa = PBXSourcesBuildPhase;
			buildActionMask = 2147483647;
			files = (
				EE58397F1AB9902C00516AC1 /* CoreExtendTests.m in Sources */,
			);
			runOnlyForDeploymentPostprocessing = 0;
		};
/* End PBXSourcesBuildPhase section */

/* Begin PBXTargetDependency section */
		EE58397A1AB9902C00516AC1 /* PBXTargetDependency */ = {
			isa = PBXTargetDependency;
			target = EE58395E1AB9902C00516AC1 /* CoreExtend */;
			targetProxy = EE5839791AB9902C00516AC1 /* PBXContainerItemProxy */;
		};
/* End PBXTargetDependency section */

/* Begin PBXVariantGroup section */
		EE58396C1AB9902C00516AC1 /* Main.storyboard */ = {
			isa = PBXVariantGroup;
			children = (
				EE58396D1AB9902C00516AC1 /* Base */,
			);
			name = Main.storyboard;
			sourceTree = "<group>";
		};
		EE5839711AB9902C00516AC1 /* LaunchScreen.xib */ = {
			isa = PBXVariantGroup;
			children = (
				EE5839721AB9902C00516AC1 /* Base */,
			);
			name = LaunchScreen.xib;
			sourceTree = "<group>";
		};
/* End PBXVariantGroup section */

/* Begin XCBuildConfiguration section */
		EE5839801AB9902C00516AC1 /* Debug */ = {
			isa = XCBuildConfiguration;
			buildSettings = {
				ALWAYS_SEARCH_USER_PATHS = NO;
				CLANG_CXX_LANGUAGE_STANDARD = "gnu++0x";
				CLANG_CXX_LIBRARY = "libc++";
				CLANG_ENABLE_MODULES = YES;
				CLANG_ENABLE_OBJC_ARC = YES;
				CLANG_WARN_BOOL_CONVERSION = YES;
				CLANG_WARN_CONSTANT_CONVERSION = YES;
				CLANG_WARN_DIRECT_OBJC_ISA_USAGE = YES_ERROR;
				CLANG_WARN_EMPTY_BODY = YES;
				CLANG_WARN_ENUM_CONVERSION = YES;
				CLANG_WARN_INT_CONVERSION = YES;
				CLANG_WARN_OBJC_ROOT_CLASS = YES_ERROR;
				CLANG_WARN_UNREACHABLE_CODE = YES;
				CLANG_WARN__DUPLICATE_METHOD_MATCH = YES;
				"CODE_SIGN_IDENTITY[sdk=iphoneos*]" = "iPhone Developer";
				COPY_PHASE_STRIP = NO;
				ENABLE_STRICT_OBJC_MSGSEND = YES;
				GCC_C_LANGUAGE_STANDARD = gnu99;
				GCC_DYNAMIC_NO_PIC = NO;
				GCC_OPTIMIZATION_LEVEL = 0;
				GCC_PREPROCESSOR_DEFINITIONS = (
					"DEBUG=1",
					"$(inherited)",
				);
				GCC_SYMBOLS_PRIVATE_EXTERN = NO;
				GCC_WARN_64_TO_32_BIT_CONVERSION = YES;
				GCC_WARN_ABOUT_RETURN_TYPE = YES_ERROR;
				GCC_WARN_UNDECLARED_SELECTOR = YES;
				GCC_WARN_UNINITIALIZED_AUTOS = YES_AGGRESSIVE;
				GCC_WARN_UNUSED_FUNCTION = YES;
				GCC_WARN_UNUSED_VARIABLE = YES;
				IPHONEOS_DEPLOYMENT_TARGET = 8.1;
				MTL_ENABLE_DEBUG_INFO = YES;
				ONLY_ACTIVE_ARCH = YES;
				SDKROOT = iphoneos;
			};
			name = Debug;
		};
		EE5839811AB9902C00516AC1 /* Release */ = {
			isa = XCBuildConfiguration;
			buildSettings = {
				ALWAYS_SEARCH_USER_PATHS = NO;
				CLANG_CXX_LANGUAGE_STANDARD = "gnu++0x";
				CLANG_CXX_LIBRARY = "libc++";
				CLANG_ENABLE_MODULES = YES;
				CLANG_ENABLE_OBJC_ARC = YES;
				CLANG_WARN_BOOL_CONVERSION = YES;
				CLANG_WARN_CONSTANT_CONVERSION = YES;
				CLANG_WARN_DIRECT_OBJC_ISA_USAGE = YES_ERROR;
				CLANG_WARN_EMPTY_BODY = YES;
				CLANG_WARN_ENUM_CONVERSION = YES;
				CLANG_WARN_INT_CONVERSION = YES;
				CLANG_WARN_OBJC_ROOT_CLASS = YES_ERROR;
				CLANG_WARN_UNREACHABLE_CODE = YES;
				CLANG_WARN__DUPLICATE_METHOD_MATCH = YES;
				"CODE_SIGN_IDENTITY[sdk=iphoneos*]" = "iPhone Developer";
				COPY_PHASE_STRIP = YES;
				ENABLE_NS_ASSERTIONS = NO;
				ENABLE_STRICT_OBJC_MSGSEND = YES;
				GCC_C_LANGUAGE_STANDARD = gnu99;
				GCC_WARN_64_TO_32_BIT_CONVERSION = YES;
				GCC_WARN_ABOUT_RETURN_TYPE = YES_ERROR;
				GCC_WARN_UNDECLARED_SELECTOR = YES;
				GCC_WARN_UNINITIALIZED_AUTOS = YES_AGGRESSIVE;
				GCC_WARN_UNUSED_FUNCTION = YES;
				GCC_WARN_UNUSED_VARIABLE = YES;
				IPHONEOS_DEPLOYMENT_TARGET = 8.1;
				MTL_ENABLE_DEBUG_INFO = NO;
				SDKROOT = iphoneos;
				VALIDATE_PRODUCT = YES;
			};
			name = Release;
		};
		EE5839831AB9902C00516AC1 /* Debug */ = {
			isa = XCBuildConfiguration;
			buildSettings = {
				ASSETCATALOG_COMPILER_APPICON_NAME = AppIcon;
				INFOPLIST_FILE = CoreExtend/Info.plist;
				LD_RUNPATH_SEARCH_PATHS = "$(inherited) @executable_path/Frameworks";
				PRODUCT_NAME = "$(TARGET_NAME)";
			};
			name = Debug;
		};
		EE5839841AB9902C00516AC1 /* Release */ = {
			isa = XCBuildConfiguration;
			buildSettings = {
				ASSETCATALOG_COMPILER_APPICON_NAME = AppIcon;
				INFOPLIST_FILE = CoreExtend/Info.plist;
				LD_RUNPATH_SEARCH_PATHS = "$(inherited) @executable_path/Frameworks";
				PRODUCT_NAME = "$(TARGET_NAME)";
			};
			name = Release;
		};
		EE5839861AB9902C00516AC1 /* Debug */ = {
			isa = XCBuildConfiguration;
			buildSettings = {
				BUNDLE_LOADER = "$(TEST_HOST)";
				FRAMEWORK_SEARCH_PATHS = (
					"$(SDKROOT)/Developer/Library/Frameworks",
					"$(inherited)",
				);
				GCC_PREPROCESSOR_DEFINITIONS = (
					"DEBUG=1",
					"$(inherited)",
				);
				INFOPLIST_FILE = CoreExtendTests/Info.plist;
				LD_RUNPATH_SEARCH_PATHS = "$(inherited) @executable_path/Frameworks @loader_path/Frameworks";
				PRODUCT_NAME = "$(TARGET_NAME)";
				TEST_HOST = "$(BUILT_PRODUCTS_DIR)/CoreExtend.app/CoreExtend";
			};
			name = Debug;
		};
		EE5839871AB9902C00516AC1 /* Release */ = {
			isa = XCBuildConfiguration;
			buildSettings = {
				BUNDLE_LOADER = "$(TEST_HOST)";
				FRAMEWORK_SEARCH_PATHS = (
					"$(SDKROOT)/Developer/Library/Frameworks",
					"$(inherited)",
				);
				INFOPLIST_FILE = CoreExtendTests/Info.plist;
				LD_RUNPATH_SEARCH_PATHS = "$(inherited) @executable_path/Frameworks @loader_path/Frameworks";
				PRODUCT_NAME = "$(TARGET_NAME)";
				TEST_HOST = "$(BUILT_PRODUCTS_DIR)/CoreExtend.app/CoreExtend";
			};
			name = Release;
		};
/* End XCBuildConfiguration section */

/* Begin XCConfigurationList section */
		EE58395A1AB9902C00516AC1 /* Build configuration list for PBXProject "CoreExtend" */ = {
			isa = XCConfigurationList;
			buildConfigurations = (
				EE5839801AB9902C00516AC1 /* Debug */,
				EE5839811AB9902C00516AC1 /* Release */,
			);
			defaultConfigurationIsVisible = 0;
			defaultConfigurationName = Release;
		};
		EE5839821AB9902C00516AC1 /* Build configuration list for PBXNativeTarget "CoreExtend" */ = {
			isa = XCConfigurationList;
			buildConfigurations = (
				EE5839831AB9902C00516AC1 /* Debug */,
				EE5839841AB9902C00516AC1 /* Release */,
			);
			defaultConfigurationIsVisible = 0;
		};
		EE5839851AB9902C00516AC1 /* Build configuration list for PBXNativeTarget "CoreExtendTests" */ = {
			isa = XCConfigurationList;
			buildConfigurations = (
				EE5839861AB9902C00516AC1 /* Debug */,
				EE5839871AB9902C00516AC1 /* Release */,
			);
			defaultConfigurationIsVisible = 0;
		};
/* End XCConfigurationList section */
	};
	rootObject = EE5839571AB9902C00516AC1 /* Project object */;
}
